
Microsoft Visual Studio Solution File, Format Version 12.00
# Visual Studio 15
VisualStudioVersion = 15.0.28307.757
MinimumVisualStudioVersion = 10.0.40219.1
Project("{FAE04EC0-301F-11D3-BF4B-00C04F79EFBC}") = "VoteProject", "VoteProject\VoteProject.csproj", "{1617BDFC-E366-4462-A9DC-73D85AC621B0}"
EndProject
Global
	GlobalSection(SolutionConfigurationPlatforms) = preSolution
		Debug|Any CPU = Debug|Any CPU
		Release|Any CPU = Release|Any CPU
	EndGlobalSection
	GlobalSection(ProjectConfigurationPlatforms) = postSolution
		{1617BDFC-E366-4462-A9DC-73D85AC621B0}.Debug|Any CPU.ActiveCfg = Debug|Any CPU
		{1617BDFC-E366-4462-A9DC-73D85AC621B0}.Debug|Any CPU.Build.0 = Debug|Any CPU
		{1617BDFC-E366-4462-A9DC-73D85AC621B0}.Release|Any CPU.ActiveCfg = Release|Any CPU
		{1617BDFC-E366-4462-A9DC-73D85AC621B0}.Release|Any CPU.Build.0 = Release|Any CPU
	EndGlobalSection
	GlobalSection(SolutionProperties) = preSolution
		HideSolutionNode = FALSE
	EndGlobalSection
	GlobalSection(ExtensibilityGlobals) = postSolution
		SolutionGuid = {B5306A34-6548-4987-9340-75AB50C773D7}
	EndGlobalSection
EndGlobal
